// !$*UTF8*$!
{
	archiveVersion = 1;
	classes = {
	};
	objectVersion = 50;
	objects = {

/* Begin PBXBuildFile section */
		28B7BA0E21DDB83B00668C1E /* AppDelegate.m in Sources */ = {isa = PBXBuildFile; fileRef = 28B7BA0D21DDB83B00668C1E /* AppDelegate.m */; };
		28B7BA1121DDB83B00668C1E /* ViewController.m in Sources */ = {isa = PBXBuildFile; fileRef = 28B7BA1021DDB83B00668C1E /* ViewController.m */; };
		28B7BA1421DDB83B00668C1E /* Main.storyboard in Resources */ = {isa = PBXBuildFile; fileRef = 28B7BA1221DDB83B00668C1E /* Main.storyboard */; };
		28B7BA1621DDB83C00668C1E /* Assets.xcassets in Resources */ = {isa = PBXBuildFile; fileRef = 28B7BA1521DDB83C00668C1E /* Assets.xcassets */; };
		28B7BA1921DDB83C00668C1E /* LaunchScreen.storyboard in Resources */ = {isa = PBXBuildFile; fileRef = 28B7BA1721DDB83C00668C1E /* LaunchScreen.storyboard */; };
		28B7BA1C21DDB83C00668C1E /* main.m in Sources */ = {isa = PBXBuildFile; fileRef = 28B7BA1B21DDB83C00668C1E /* main.m */; };
		28B7BA2621DDB83D00668C1E /* UIViewCurCornerRadiusDemoTests.m in Sources */ = {isa = PBXBuildFile; fileRef = 28B7BA2521DDB83D00668C1E /* UIViewCurCornerRadiusDemoTests.m */; };
		28B7BA3121DDB83D00668C1E /* UIViewCurCornerRadiusDemoUITests.m in Sources */ = {isa = PBXBuildFile; fileRef = 28B7BA3021DDB83D00668C1E /* UIViewCurCornerRadiusDemoUITests.m */; };
/* End PBXBuildFile section */

/* Begin PBXContainerItemProxy section */
		28B7BA2221DDB83D00668C1E /* PBXContainerItemProxy */ = {
			isa = PBXContainerItemProxy;
			containerPortal = 28B7BA0121DDB83B00668C1E /* Project object */;
			proxyType = 1;
			remoteGlobalIDString = 28B7BA0821DDB83B00668C1E;
			remoteInfo = UIViewCurCornerRadiusDemo;
		};
		28B7BA2D21DDB83D00668C1E /* PBXContainerItemProxy */ = {
			isa = PBXContainerItemProxy;
			containerPortal = 28B7BA0121DDB83B00668C1E /* Project object */;
			proxyType = 1;
			remoteGlobalIDString = 28B7BA0821DDB83B00668C1E;
			remoteInfo = UIViewCurCornerRadiusDemo;
		};
/* End PBXContainerItemProxy section */

/* Begin PBXFileReference section */
		28B7BA0921DDB83B00668C1E /* UIViewCurCornerRadiusDemo.app */ = {isa = PBXFileReference; explicitFileType = wrapper.application; includeInIndex = 0; path = UIViewCurCornerRadiusDemo.app; sourceTree = BUILT_PRODUCTS_DIR; };
		28B7BA0C21DDB83B00668C1E /* AppDelegate.h */ = {isa = PBXFileReference; lastKnownFileType = sourcecode.c.h; path = AppDelegate.h; sourceTree = "<group>"; };
		28B7BA0D21DDB83B00668C1E /* AppDelegate.m */ = {isa = PBXFileReference; lastKnownFileType = sourcecode.c.objc; path = AppDelegate.m; sourceTree = "<group>"; };
		28B7BA0F21DDB83B00668C1E /* ViewController.h */ = {isa = PBXFileReference; lastKnownFileType = sourcecode.c.h; path = ViewController.h; sourceTree = "<group>"; };
		28B7BA1021DDB83B00668C1E /* ViewController.m */ = {isa = PBXFileReference; lastKnownFileType = sourcecode.c.objc; path = ViewController.m; sourceTree = "<group>"; };
		28B7BA1321DDB83B00668C1E /* Base */ = {isa = PBXFileReference; lastKnownFileType = file.storyboard; name = Base; path = Base.lproj/Main.storyboard; sourceTree = "<group>"; };
		28B7BA1521DDB83C00668C1E /* Assets.xcassets */ = {isa = PBXFileReference; lastKnownFileType = folder.assetcatalog; path = Assets.xcassets; sourceTree = "<group>"; };
		28B7BA1821DDB83C00668C1E /* Base */ = {isa = PBXFileReference; lastKnownFileType = file.storyboard; name = Base; path = Base.lproj/LaunchScreen.storyboard; sourceTree = "<group>"; };
		28B7BA1A21DDB83C00668C1E /* Info.plist */ = {isa = PBXFileReference; lastKnownFileType = text.plist.xml; path = Info.plist; sourceTree = "<group>"; };
		28B7BA1B21DDB83C00668C1E /* main.m */ = {isa = PBXFileReference; lastKnownFileType = sourcecode.c.objc; path = main.m; sourceTree = "<group>"; };
		28B7BA2121DDB83D00668C1E /* UIViewCurCornerRadiusDemoTests.xctest */ = {isa = PBXFileReference; explicitFileType = wrapper.cfbundle; includeInIndex = 0; path = UIViewCurCornerRadiusDemoTests.xctest; sourceTree = BUILT_PRODUCTS_DIR; };
		28B7BA2521DDB83D00668C1E /* UIViewCurCornerRadiusDemoTests.m */ = {isa = PBXFileReference; lastKnownFileType = sourcecode.c.objc; path = UIViewCurCornerRadiusDemoTests.m; sourceTree = "<group>"; };
		28B7BA2721DDB83D00668C1E /* Info.plist */ = {isa = PBXFileReference; lastKnownFileType = text.plist.xml; path = Info.plist; sourceTree = "<group>"; };
		28B7BA2C21DDB83D00668C1E /* UIViewCurCornerRadiusDemoUITests.xctest */ = {isa = PBXFileReference; explicitFileType = wrapper.cfbundle; includeInIndex = 0; path = UIViewCurCornerRadiusDemoUITests.xctest; sourceTree = BUILT_PRODUCTS_DIR; };
		28B7BA3021DDB83D00668C1E /* UIViewCurCornerRadiusDemoUITests.m */ = {isa = PBXFileReference; lastKnownFileType = sourcecode.c.objc; path = UIViewCurCornerRadiusDemoUITests.m; sourceTree = "<group>"; };
		28B7BA3221DDB83D00668C1E /* Info.plist */ = {isa = PBXFileReference; lastKnownFileType = text.plist.xml; path = Info.plist; sourceTree = "<group>"; };
/* End PBXFileReference section */

/* Begin PBXFrameworksBuildPhase section */
		28B7BA0621DDB83B00668C1E /* Frameworks */ = {
			isa = PBXFrameworksBuildPhase;
			buildActionMask = 2147483647;
			files = (
			);
			runOnlyForDeploymentPostprocessing = 0;
		};
		28B7BA1E21DDB83D00668C1E /* Frameworks */ = {
			isa = PBXFrameworksBuildPhase;
			buildActionMask = 2147483647;
			files = (
			);
			runOnlyForDeploymentPostprocessing = 0;
		};
		28B7BA2921DDB83D00668C1E /* Frameworks */ = {
			isa = PBXFrameworksBuildPhase;
			buildActionMask = 2147483647;
			files = (
			);
			runOnlyForDeploymentPostprocessing = 0;
		};
/* End PBXFrameworksBuildPhase section */

/* Begin PBXGroup section */
		28B7BA0021DDB83B00668C1E = {
			isa = PBXGroup;
			children = (
				28B7BA0B21DDB83B00668C1E /* UIViewCurCornerRadiusDemo */,
				28B7BA2421DDB83D00668C1E /* UIViewCurCornerRadiusDemoTests */,
				28B7BA2F21DDB83D00668C1E /* UIViewCurCornerRadiusDemoUITests */,
				28B7BA0A21DDB83B00668C1E /* Products */,
			);
			sourceTree = "<group>";
		};
		28B7BA0A21DDB83B00668C1E /* Products */ = {
			isa = PBXGroup;
			children = (
				28B7BA0921DDB83B00668C1E /* UIViewCurCornerRadiusDemo.app */,
				28B7BA2121DDB83D00668C1E /* UIViewCurCornerRadiusDemoTests.xctest */,
				28B7BA2C21DDB83D00668C1E /* UIViewCurCornerRadiusDemoUITests.xctest */,
			);
			name = Products;
			sourceTree = "<group>";
		};
		28B7BA0B21DDB83B00668C1E /* UIViewCurCornerRadiusDemo */ = {
			isa = PBXGroup;
			children = (
				28B7BA0C21DDB83B00668C1E /* AppDelegate.h */,
				28B7BA0D21DDB83B00668C1E /* AppDelegate.m */,
				28B7BA0F21DDB83B00668C1E /* ViewController.h */,
				28B7BA1021DDB83B00668C1E /* ViewController.m */,
				28B7BA1221DDB83B00668C1E /* Main.storyboard */,
				28B7BA1521DDB83C00668C1E /* Assets.xcassets */,
				28B7BA1721DDB83C00668C1E /* LaunchScreen.storyboard */,
				28B7BA1A21DDB83C00668C1E /* Info.plist */,
				28B7BA1B21DDB83C00668C1E /* main.m */,
			);
			path = UIViewCurCornerRadiusDemo;
			sourceTree = "<group>";
		};
		28B7BA2421DDB83D00668C1E /* UIViewCurCornerRadiusDemoTests */ = {
			isa = PBXGroup;
			children = (
				28B7BA2521DDB83D00668C1E /* UIViewCurCornerRadiusDemoTests.m */,
				28B7BA2721DDB83D00668C1E /* Info.plist */,
			);
			path = UIViewCurCornerRadiusDemoTests;
			sourceTree = "<group>";
		};
		28B7BA2F21DDB83D00668C1E /* UIViewCurCornerRadiusDemoUITests */ = {
			isa = PBXGroup;
			children = (
				28B7BA3021DDB83D00668C1E /* UIViewCurCornerRadiusDemoUITests.m */,
				28B7BA3221DDB83D00668C1E /* Info.plist */,
			);
			path = UIViewCurCornerRadiusDemoUITests;
			sourceTree = "<group>";
		};
/* End PBXGroup section */

/* Begin PBXNativeTarget section */
		28B7BA0821DDB83B00668C1E /* UIViewCurCornerRadiusDemo */ = {
			isa = PBXNativeTarget;
			buildConfigurationList = 28B7BA3521DDB83D00668C1E /* Build configuration list for PBXNativeTarget "UIViewCurCornerRadiusDemo" */;
			buildPhases = (
				28B7BA0521DDB83B00668C1E /* Sources */,
				28B7BA0621DDB83B00668C1E /* Frameworks */,
				28B7BA0721DDB83B00668C1E /* Resources */,
			);
			buildRules = (
			);
			dependencies = (
			);
			name = UIViewCurCornerRadiusDemo;
			productName = UIViewCurCornerRadiusDemo;
			productReference = 28B7BA0921DDB83B00668C1E /* UIViewCurCornerRadiusDemo.app */;
			productType = "com.apple.product-type.application";
		};
		28B7BA2021DDB83D00668C1E /* UIViewCurCornerRadiusDemoTests */ = {
			isa = PBXNativeTarget;
			buildConfigurationList = 28B7BA3821DDB83D00668C1E /* Build configuration list for PBXNativeTarget "UIViewCurCornerRadiusDemoTests" */;
			buildPhases = (
				28B7BA1D21DDB83D00668C1E /* Sources */,
				28B7BA1E21DDB83D00668C1E /* Frameworks */,
				28B7BA1F21DDB83D00668C1E /* Resources */,
			);
			buildRules = (
			);
			dependencies = (
				28B7BA2321DDB83D00668C1E /* PBXTargetDependency */,
			);
			name = UIViewCurCornerRadiusDemoTests;
			productName = UIViewCurCornerRadiusDemoTests;
			productReference = 28B7BA2121DDB83D00668C1E /* UIViewCurCornerRadiusDemoTests.xctest */;
			productType = "com.apple.product-type.bundle.unit-test";
		};
		28B7BA2B21DDB83D00668C1E /* UIViewCurCornerRadiusDemoUITests */ = {
			isa = PBXNativeTarget;
			buildConfigurationList = 28B7BA3B21DDB83D00668C1E /* Build configuration list for PBXNativeTarget "UIViewCurCornerRadiusDemoUITests" */;
			buildPhases = (
				28B7BA2821DDB83D00668C1E /* Sources */,
				28B7BA2921DDB83D00668C1E /* Frameworks */,
				28B7BA2A21DDB83D00668C1E /* Resources */,
			);
			buildRules = (
			);
			dependencies = (
				28B7BA2E21DDB83D00668C1E /* PBXTargetDependency */,
			);
			name = UIViewCurCornerRadiusDemoUITests;
			productName = UIViewCurCornerRadiusDemoUITests;
			productReference = 28B7BA2C21DDB83D00668C1E /* UIViewCurCornerRadiusDemoUITests.xctest */;
			productType = "com.apple.product-type.bundle.ui-testing";
		};
/* End PBXNativeTarget section */

/* Begin PBXProject section */
		28B7BA0121DDB83B00668C1E /* Project object */ = {
			isa = PBXProject;
			attributes = {
				LastUpgradeCheck = 1010;
				TargetAttributes = {
					28B7BA0821DDB83B00668C1E = {
						CreatedOnToolsVersion = 10.1;
					};
					28B7BA2021DDB83D00668C1E = {
						CreatedOnToolsVersion = 10.1;
						TestTargetID = 28B7BA0821DDB83B00668C1E;
					};
					28B7BA2B21DDB83D00668C1E = {
						CreatedOnToolsVersion = 10.1;
						TestTargetID = 28B7BA0821DDB83B00668C1E;
					};
				};
			};
			buildConfigurationList = 28B7BA0421DDB83B00668C1E /* Build configuration list for PBXProject "UIViewCurCornerRadiusDemo" */;
			compatibilityVersion = "Xcode 9.3";
			developmentRegion = en;
			hasScannedForEncodings = 0;
			knownRegions = (
				en,
				Base,
			);
			mainGroup = 28B7BA0021DDB83B00668C1E;
			productRefGroup = 28B7BA0A21DDB83B00668C1E /* Products */;
			projectDirPath = "";
			projectRoot = "";
			targets = (
				28B7BA0821DDB83B00668C1E /* UIViewCurCornerRadiusDemo */,
				28B7BA2021DDB83D00668C1E /* UIViewCurCornerRadiusDemoTests */,
				28B7BA2B21DDB83D00668C1E /* UIViewCurCornerRadiusDemoUITests */,
			);
		};
/* End PBXProject section */

/* Begin PBXResourcesBuildPhase section */
		28B7BA0721DDB83B00668C1E /* Resources */ = {
			isa = PBXResourcesBuildPhase;
			buildActionMask = 2147483647;
			files = (
				28B7BA1921DDB83C00668C1E /* LaunchScreen.storyboard in Resources */,
				28B7BA1621DDB83C00668C1E /* Assets.xcassets in Resources */,
				28B7BA1421DDB83B00668C1E /* Main.storyboard in Resources */,
			);
			runOnlyForDeploymentPostprocessing = 0;
		};
		28B7BA1F21DDB83D00668C1E /* Resources */ = {
			isa = PBXResourcesBuildPhase;
			buildActionMask = 2147483647;
			files = (
			);
			runOnlyForDeploymentPostprocessing = 0;
		};
		28B7BA2A21DDB83D00668C1E /* Resources */ = {
			isa = PBXResourcesBuildPhase;
			buildActionMask = 2147483647;
			files = (
			);
			runOnlyForDeploymentPostprocessing = 0;
		};
/* End PBXResourcesBuildPhase section */

/* Begin PBXSourcesBuildPhase section */
		28B7BA0521DDB83B00668C1E /* Sources */ = {
			isa = PBXSourcesBuildPhase;
			buildActionMask = 2147483647;
			files = (
				28B7BA1121DDB83B00668C1E /* ViewController.m in Sources */,
				28B7BA1C21DDB83C00668C1E /* main.m in Sources */,
				28B7BA0E21DDB83B00668C1E /* AppDelegate.m in Sources */,
			);
			runOnlyForDeploymentPostprocessing = 0;
		};
		28B7BA1D21DDB83D00668C1E /* Sources */ = {
			isa = PBXSourcesBuildPhase;
			buildActionMask = 2147483647;
			files = (
				28B7BA2621DDB83D00668C1E /* UIViewCurCornerRadiusDemoTests.m in Sources */,
			);
			runOnlyForDeploymentPostprocessing = 0;
		};
		28B7BA2821DDB83D00668C1E /* Sources */ = {
			isa = PBXSourcesBuildPhase;
			buildActionMask = 2147483647;
			files = (
				28B7BA3121DDB83D00668C1E /* UIViewCurCornerRadiusDemoUITests.m in Sources */,
			);
			runOnlyForDeploymentPostprocessing = 0;
		};
/* End PBXSourcesBuildPhase section */

/* Begin PBXTargetDependency section */
		28B7BA2321DDB83D00668C1E /* PBXTargetDependency */ = {
			isa = PBXTargetDependency;
			target = 28B7BA0821DDB83B00668C1E /* UIViewCurCornerRadiusDemo */;
			targetProxy = 28B7BA2221DDB83D00668C1E /* PBXContainerItemProxy */;
		};
		28B7BA2E21DDB83D00668C1E /* PBXTargetDependency */ = {
			isa = PBXTargetDependency;
			target = 28B7BA0821DDB83B00668C1E /* UIViewCurCornerRadiusDemo */;
			targetProxy = 28B7BA2D21DDB83D00668C1E /* PBXContainerItemProxy */;
		};
/* End PBXTargetDependency section */

/* Begin PBXVariantGroup section */
		28B7BA1221DDB83B00668C1E /* Main.storyboard */ = {
			isa = PBXVariantGroup;
			children = (
				28B7BA1321DDB83B00668C1E /* Base */,
			);
			name = Main.storyboard;
			sourceTree = "<group>";
		};
		28B7BA1721DDB83C00668C1E /* LaunchScreen.storyboard */ = {
			isa = PBXVariantGroup;
			children = (
				28B7BA1821DDB83C00668C1E /* Base */,
			);
			name = LaunchScreen.storyboard;
			sourceTree = "<group>";
		};
/* End PBXVariantGroup section */

/* Begin XCBuildConfiguration section */
		28B7BA3321DDB83D00668C1E /* Debug */ = {
			isa = XCBuildConfiguration;
			buildSettings = {
				ALWAYS_SEARCH_USER_PATHS = NO;
				CLANG_ANALYZER_NONNULL = YES;
				CLANG_ANALYZER_NUMBER_OBJECT_CONVERSION = YES_AGGRESSIVE;
				CLANG_CXX_LANGUAGE_STANDARD = "gnu++14";
				CLANG_CXX_LIBRARY = "libc++";
				CLANG_ENABLE_MODULES = YES;
				CLANG_ENABLE_OBJC_ARC = YES;
				CLANG_ENABLE_OBJC_WEAK = YES;
				CLANG_WARN_BLOCK_CAPTURE_AUTORELEASING = YES;
				CLANG_WARN_BOOL_CONVERSION = YES;
				CLANG_WARN_COMMA = YES;
				CLANG_WARN_CONSTANT_CONVERSION = YES;
				CLANG_WARN_DEPRECATED_OBJC_IMPLEMENTATIONS = YES;
				CLANG_WARN_DIRECT_OBJC_ISA_USAGE = YES_ERROR;
				CLANG_WARN_DOCUMENTATION_COMMENTS = YES;
				CLANG_WARN_EMPTY_BODY = YES;
				CLANG_WARN_ENUM_CONVERSION = YES;
				CLANG_WARN_INFINITE_RECURSION = YES;
				CLANG_WARN_INT_CONVERSION = YES;
				CLANG_WARN_NON_LITERAL_NULL_CONVERSION = YES;
				CLANG_WARN_OBJC_IMPLICIT_RETAIN_SELF = YES;
				CLANG_WARN_OBJC_LITERAL_CONVERSION = YES;
				CLANG_WARN_OBJC_ROOT_CLASS = YES_ERROR;
				CLANG_WARN_RANGE_LOOP_ANALYSIS = YES;
				CLANG_WARN_STRICT_PROTOTYPES = YES;
				CLANG_WARN_SUSPICIOUS_MOVE = YES;
				CLANG_WARN_UNGUARDED_AVAILABILITY = YES_AGGRESSIVE;
				CLANG_WARN_UNREACHABLE_CODE = YES;
				CLANG_WARN__DUPLICATE_METHOD_MATCH = YES;
				CODE_SIGN_IDENTITY = "iPhone Developer";
				COPY_PHASE_STRIP = NO;
				DEBUG_INFORMATION_FORMAT = dwarf;
				ENABLE_STRICT_OBJC_MSGSEND = YES;
				ENABLE_TESTABILITY = YES;
				GCC_C_LANGUAGE_STANDARD = gnu11;
				GCC_DYNAMIC_NO_PIC = NO;
				GCC_NO_COMMON_BLOCKS = YES;
				GCC_OPTIMIZATION_LEVEL = 0;
				GCC_PREPROCESSOR_DEFINITIONS = (
					"DEBUG=1",
					"$(inherited)",
				);
				GCC_WARN_64_TO_32_BIT_CONVERSION = YES;
				GCC_WARN_ABOUT_RETURN_TYPE = YES_ERROR;
				GCC_WARN_UNDECLARED_SELECTOR = YES;
				GCC_WARN_UNINITIALIZED_AUTOS = YES_AGGRESSIVE;
				GCC_WARN_UNUSED_FUNCTION = YES;
				GCC_WARN_UNUSED_VARIABLE = YES;
				IPHONEOS_DEPLOYMENT_TARGET = 12.1;
				MTL_ENABLE_DEBUG_INFO = INCLUDE_SOURCE;
				MTL_FAST_MATH = YES;
				ONLY_ACTIVE_ARCH = YES;
				SDKROOT = iphoneos;
			};
			name = Debug;
		};
		28B7BA3421DDB83D00668C1E /* Release */ = {
			isa = XCBuildConfiguration;
			buildSettings = {
				ALWAYS_SEARCH_USER_PATHS = NO;
				CLANG_ANALYZER_NONNULL = YES;
				CLANG_ANALYZER_NUMBER_OBJECT_CONVERSION = YES_AGGRESSIVE;
				CLANG_CXX_LANGUAGE_STANDARD = "gnu++14";
				CLANG_CXX_LIBRARY = "libc++";
				CLANG_ENABLE_MODULES = YES;
				CLANG_ENABLE_OBJC_ARC = YES;
				CLANG_ENABLE_OBJC_WEAK = YES;
				CLANG_WARN_BLOCK_CAPTURE_AUTORELEASING = YES;
				CLANG_WARN_BOOL_CONVERSION = YES;
				CLANG_WARN_COMMA = YES;
				CLANG_WARN_CONSTANT_CONVERSION = YES;
				CLANG_WARN_DEPRECATED_OBJC_IMPLEMENTATIONS = YES;
				CLANG_WARN_DIRECT_OBJC_ISA_USAGE = YES_ERROR;
				CLANG_WARN_DOCUMENTATION_COMMENTS = YES;
				CLANG_WARN_EMPTY_BODY = YES;
				CLANG_WARN_ENUM_CONVERSION = YES;
				CLANG_WARN_INFINITE_RECURSION = YES;
				CLANG_WARN_INT_CONVERSION = YES;
				CLANG_WARN_NON_LITERAL_NULL_CONVERSION = YES;
				CLANG_WARN_OBJC_IMPLICIT_RETAIN_SELF = YES;
				CLANG_WARN_OBJC_LITERAL_CONVERSION = YES;
				CLANG_WARN_OBJC_ROOT_CLASS = YES_ERROR;
				CLANG_WARN_RANGE_LOOP_ANALYSIS = YES;
				CLANG_WARN_STRICT_PROTOTYPES = YES;
				CLANG_WARN_SUSPICIOUS_MOVE = YES;
				CLANG_WARN_UNGUARDED_AVAILABILITY = YES_AGGRESSIVE;
				CLANG_WARN_UNREACHABLE_CODE = YES;
				CLANG_WARN__DUPLICATE_METHOD_MATCH = YES;
				CODE_SIGN_IDENTITY = "iPhone Developer";
				COPY_PHASE_STRIP = NO;
				DEBUG_INFORMATION_FORMAT = "dwarf-with-dsym";
				ENABLE_NS_ASSERTIONS = NO;
				ENABLE_STRICT_OBJC_MSGSEND = YES;
				GCC_C_LANGUAGE_STANDARD = gnu11;
				GCC_NO_COMMON_BLOCKS = YES;
				GCC_WARN_64_TO_32_BIT_CONVERSION = YES;
				GCC_WARN_ABOUT_RETURN_TYPE = YES_ERROR;
				GCC_WARN_UNDECLARED_SELECTOR = YES;
				GCC_WARN_UNINITIALIZED_AUTOS = YES_AGGRESSIVE;
				GCC_WARN_UNUSED_FUNCTION = YES;
				GCC_WARN_UNUSED_VARIABLE = YES;
				IPHONEOS_DEPLOYMENT_TARGET = 12.1;
				MTL_ENABLE_DEBUG_INFO = NO;
				MTL_FAST_MATH = YES;
				SDKROOT = iphoneos;
				VALIDATE_PRODUCT = YES;
			};
			name = Release;
		};
		28B7BA3621DDB83D00668C1E /* Debug */ = {
			isa = XCBuildConfiguration;
			buildSettings = {
				ASSETCATALOG_COMPILER_APPICON_NAME = AppIcon;
				CODE_SIGN_STYLE = Automatic;
				INFOPLIST_FILE = UIViewCurCornerRadiusDemo/Info.plist;
				LD_RUNPATH_SEARCH_PATHS = (
					"$(inherited)",
					"@executable_path/Frameworks",
				);
				PRODUCT_BUNDLE_IDENTIFIER = com.Simon.zhang.UIViewCurCornerRadiusDemo;
				PRODUCT_NAME = "$(TARGET_NAME)";
				TARGETED_DEVICE_FAMILY = "1,2";
			};
			name = Debug;
		};
		28B7BA3721DDB83D00668C1E /* Release */ = {
			isa = XCBuildConfiguration;
			buildSettings = {
				ASSETCATALOG_COMPILER_APPICON_NAME = AppIcon;
				CODE_SIGN_STYLE = Automatic;
				INFOPLIST_FILE = UIViewCurCornerRadiusDemo/Info.plist;
				LD_RUNPATH_SEARCH_PATHS = (
					"$(inherited)",
					"@executable_path/Frameworks",
				);
				PRODUCT_BUNDLE_IDENTIFIER = com.Simon.zhang.UIViewCurCornerRadiusDemo;
				PRODUCT_NAME = "$(TARGET_NAME)";
				TARGETED_DEVICE_FAMILY = "1,2";
			};
			name = Release;
		};
		28B7BA3921DDB83D00668C1E /* Debug */ = {
			isa = XCBuildConfiguration;
			buildSettings = {
				BUNDLE_LOADER = "$(TEST_HOST)";
				CODE_SIGN_STYLE = Automatic;
				INFOPLIST_FILE = UIViewCurCornerRadiusDemoTests/Info.plist;
				LD_RUNPATH_SEARCH_PATHS = (
					"$(inherited)",
					"@executable_path/Frameworks",
					"@loader_path/Frameworks",
				);
				PRODUCT_BUNDLE_IDENTIFIER = com.Simon.zhang.UIViewCurCornerRadiusDemoTests;
				PRODUCT_NAME = "$(TARGET_NAME)";
				TARGETED_DEVICE_FAMILY = "1,2";
				TEST_HOST = "$(BUILT_PRODUCTS_DIR)/UIViewCurCornerRadiusDemo.app/UIViewCurCornerRadiusDemo";
			};
			name = Debug;
		};
		28B7BA3A21DDB83D00668C1E /* Release */ = {
			isa = XCBuildConfiguration;
			buildSettings = {
				BUNDLE_LOADER = "$(TEST_HOST)";
				CODE_SIGN_STYLE = Automatic;
				INFOPLIST_FILE = UIViewCurCornerRadiusDemoTests/Info.plist;
				LD_RUNPATH_SEARCH_PATHS = (
					"$(inherited)",
					"@executable_path/Frameworks",
					"@loader_path/Frameworks",
				);
				PRODUCT_BUNDLE_IDENTIFIER = com.Simon.zhang.UIViewCurCornerRadiusDemoTests;
				PRODUCT_NAME = "$(TARGET_NAME)";
				TARGETED_DEVICE_FAMILY = "1,2";
				TEST_HOST = "$(BUILT_PRODUCTS_DIR)/UIViewCurCornerRadiusDemo.app/UIViewCurCornerRadiusDemo";
			};
			name = Release;
		};
		28B7BA3C21DDB83D00668C1E /* Debug */ = {
			isa = XCBuildConfiguration;
			buildSettings = {
				CODE_SIGN_STYLE = Automatic;
				INFOPLIST_FILE = UIViewCurCornerRadiusDemoUITests/Info.plist;
				LD_RUNPATH_SEARCH_PATHS = (
					"$(inherited)",
					"@executable_path/Frameworks",
					"@loader_path/Frameworks",
				);
				PRODUCT_BUNDLE_IDENTIFIER = com.Simon.zhang.UIViewCurCornerRadiusDemoUITests;
				PRODUCT_NAME = "$(TARGET_NAME)";
				TARGETED_DEVICE_FAMILY = "1,2";
				TEST_TARGET_NAME = UIViewCurCornerRadiusDemo;
			};
			name = Debug;
		};
		28B7BA3D21DDB83D00668C1E /* Release */ = {
			isa = XCBuildConfiguration;
			buildSettings = {
				CODE_SIGN_STYLE = Automatic;
				INFOPLIST_FILE = UIViewCurCornerRadiusDemoUITests/Info.plist;
				LD_RUNPATH_SEARCH_PATHS = (
					"$(inherited)",
					"@executable_path/Frameworks",
					"@loader_path/Frameworks",
				);
				PRODUCT_BUNDLE_IDENTIFIER = com.Simon.zhang.UIViewCurCornerRadiusDemoUITests;
				PRODUCT_NAME = "$(TARGET_NAME)";
				TARGETED_DEVICE_FAMILY = "1,2";
				TEST_TARGET_NAME = UIViewCurCornerRadiusDemo;
			};
			name = Release;
		};
/* End XCBuildConfiguration section */

/* Begin XCConfigurationList section */
		28B7BA0421DDB83B00668C1E /* Build configuration list for PBXProject "UIViewCurCornerRadiusDemo" */ = {
			isa = XCConfigurationList;
			buildConfigurations = (
				28B7BA3321DDB83D00668C1E /* Debug */,
				28B7BA3421DDB83D00668C1E /* Release */,
			);
			defaultConfigurationIsVisible = 0;
			defaultConfigurationName = Release;
		};
		28B7BA3521DDB83D00668C1E /* Build configuration list for PBXNativeTarget "UIViewCurCornerRadiusDemo" */ = {
			isa = XCConfigurationList;
			buildConfigurations = (
				28B7BA3621DDB83D00668C1E /* Debug */,
				28B7BA3721DDB83D00668C1E /* Release */,
			);
			defaultConfigurationIsVisible = 0;
			defaultConfigurationName = Release;
		};
		28B7BA3821DDB83D00668C1E /* Build configuration list for PBXNativeTarget "UIViewCurCornerRadiusDemoTests" */ = {
			isa = XCConfigurationList;
			buildConfigurations = (
				28B7BA3921DDB83D00668C1E /* Debug */,
				28B7BA3A21DDB83D00668C1E /* Release */,
			);
			defaultConfigurationIsVisible = 0;
			defaultConfigurationName = Release;
		};
		28B7BA3B21DDB83D00668C1E /* Build configuration list for PBXNativeTarget "UIViewCurCornerRadiusDemoUITests" */ = {
			isa = XCConfigurationList;
			buildConfigurations = (
				28B7BA3C21DDB83D00668C1E /* Debug */,
				28B7BA3D21DDB83D00668C1E /* Release */,
			);
			defaultConfigurationIsVisible = 0;
			defaultConfigurationName = Release;
		};
/* End XCConfigurationList section */
	};
	rootObject = 28B7BA0121DDB83B00668C1E /* Project object */;
}
